
Microsoft Visual Studio Solution File, Format Version 12.00
# Visual Studio 15
VisualStudioVersion = 15.0.27004.2006
MinimumVisualStudioVersion = 10.0.40219.1
Project("{8BC9CEB8-8B4A-11D0-8D11-00A0C91BC942}") = "TaskManager", "Coursework\Coursework.vcxproj", "{DA5AC894-BF6F-47A1-9048-E339025C9BA7}"
EndProject
Project("{8BC9CEB8-8B4A-11D0-8D11-00A0C91BC942}") = "Form", "Form\Form.vcxproj", "{5765505D-736C-421D-BBAA-24F81047EF8C}"
	ProjectSection(ProjectDependencies) = postProject
		{DA5AC894-BF6F-47A1-9048-E339025C9BA7} = {DA5AC894-BF6F-47A1-9048-E339025C9BA7}
	EndProjectSection
EndProject
Global
	GlobalSection(SolutionConfigurationPlatforms) = preSolution
		Debug|x64 = Debug|x64
		Debug|x86 = Debug|x86
		Release|x64 = Release|x64
		Release|x86 = Release|x86
	EndGlobalSection
	GlobalSection(ProjectConfigurationPlatforms) = postSolution
		{DA5AC894-BF6F-47A1-9048-E339025C9BA7}.Debug|x64.ActiveCfg = Debug|x64
		{DA5AC894-BF6F-47A1-9048-E339025C9BA7}.Debug|x64.Build.0 = Debug|x64
		{DA5AC894-BF6F-47A1-9048-E339025C9BA7}.Debug|x86.ActiveCfg = Debug|Win32
		{DA5AC894-BF6F-47A1-9048-E339025C9BA7}.Debug|x86.Build.0 = Debug|Win32
		{DA5AC894-BF6F-47A1-9048-E339025C9BA7}.Release|x64.ActiveCfg = Release|x64
		{DA5AC894-BF6F-47A1-9048-E339025C9BA7}.Release|x64.Build.0 = Release|x64
		{DA5AC894-BF6F-47A1-9048-E339025C9BA7}.Release|x86.ActiveCfg = Release|Win32
		{DA5AC894-BF6F-47A1-9048-E339025C9BA7}.Release|x86.Build.0 = Release|Win32
		{5765505D-736C-421D-BBAA-24F81047EF8C}.Debug|x64.ActiveCfg = Debug|x64
		{5765505D-736C-421D-BBAA-24F81047EF8C}.Debug|x64.Build.0 = Debug|x64
		{5765505D-736C-421D-BBAA-24F81047EF8C}.Debug|x86.ActiveCfg = Debug|Win32
		{5765505D-736C-421D-BBAA-24F81047EF8C}.Debug|x86.Build.0 = Debug|Win32
		{5765505D-736C-421D-BBAA-24F81047EF8C}.Release|x64.ActiveCfg = Release|x64
		{5765505D-736C-421D-BBAA-24F81047EF8C}.Release|x64.Build.0 = Release|x64
		{5765505D-736C-421D-BBAA-24F81047EF8C}.Release|x86.ActiveCfg = Release|Win32
		{5765505D-736C-421D-BBAA-24F81047EF8C}.Release|x86.Build.0 = Release|Win32
	EndGlobalSection
	GlobalSection(SolutionProperties) = preSolution
		HideSolutionNode = FALSE
	EndGlobalSection
	GlobalSection(ExtensibilityGlobals) = postSolution
		SolutionGuid = {7CAE24E4-07D9-428D-98F4-191473A5F208}
	EndGlobalSection
EndGlobal
